// !$*UTF8*$!
{
	archiveVersion = 1;
	classes = {
	};
	objectVersion = 50;
	objects = {

/* Begin PBXBuildFile section */
		758B040C2244CD1400EBDD8C /* AppDelegate.swift in Sources */ = {isa = PBXBuildFile; fileRef = 758B040B2244CD1400EBDD8C /* AppDelegate.swift */; };
		758B04112244CD1400EBDD8C /* Main.storyboard in Resources */ = {isa = PBXBuildFile; fileRef = 758B040F2244CD1400EBDD8C /* Main.storyboard */; };
		758B04132244CD1600EBDD8C /* Assets.xcassets in Resources */ = {isa = PBXBuildFile; fileRef = 758B04122244CD1600EBDD8C /* Assets.xcassets */; };
		758B04162244CD1600EBDD8C /* LaunchScreen.storyboard in Resources */ = {isa = PBXBuildFile; fileRef = 758B04142244CD1600EBDD8C /* LaunchScreen.storyboard */; };
		75A3D7592256405700359A82 /* PDFViewController.swift in Sources */ = {isa = PBXBuildFile; fileRef = 75A3D7582256405700359A82 /* PDFViewController.swift */; };
		75A3D75B2256419300359A82 /* GoogleService-Info.plist in Resources */ = {isa = PBXBuildFile; fileRef = 75A3D75A2256419300359A82 /* GoogleService-Info.plist */; };
		75A3D75F22564D8700359A82 /* Sample.pdf in Resources */ = {isa = PBXBuildFile; fileRef = 75A3D75E22564D8600359A82 /* Sample.pdf */; };
		75ABF552225065B600FE951B /* CameraViewController.swift in Sources */ = {isa = PBXBuildFile; fileRef = 75ABF551225065B600FE951B /* CameraViewController.swift */; };
		75AEC066224DF27000D49949 /* GroupViewController.swift in Sources */ = {isa = PBXBuildFile; fileRef = 75AEC065224DF27000D49949 /* GroupViewController.swift */; };
		75AEC069224DF29700D49949 /* GroupViewCell.swift in Sources */ = {isa = PBXBuildFile; fileRef = 75AEC067224DF29700D49949 /* GroupViewCell.swift */; };
		75AEC06A224DF29700D49949 /* GroupViewCell.xib in Resources */ = {isa = PBXBuildFile; fileRef = 75AEC068224DF29700D49949 /* GroupViewCell.xib */; };
		75AEC06D224DF44C00D49949 /* VoteViewController.swift in Sources */ = {isa = PBXBuildFile; fileRef = 75AEC06C224DF44C00D49949 /* VoteViewController.swift */; };
		75AEC070224DF46800D49949 /* VoteViewCell.swift in Sources */ = {isa = PBXBuildFile; fileRef = 75AEC06E224DF46800D49949 /* VoteViewCell.swift */; };
		75AEC071224DF46800D49949 /* VoteViewCell.xib in Resources */ = {isa = PBXBuildFile; fileRef = 75AEC06F224DF46800D49949 /* VoteViewCell.xib */; };
		75B0BF04224F2F780007AA54 /* AdminViewController.swift in Sources */ = {isa = PBXBuildFile; fileRef = 75B0BF03224F2F780007AA54 /* AdminViewController.swift */; };
		75B0BF07224F2F890007AA54 /* AdminViewCell.swift in Sources */ = {isa = PBXBuildFile; fileRef = 75B0BF05224F2F890007AA54 /* AdminViewCell.swift */; };
		75B0BF08224F2F890007AA54 /* AdminViewCell.xib in Resources */ = {isa = PBXBuildFile; fileRef = 75B0BF06224F2F890007AA54 /* AdminViewCell.xib */; };
		75B0BF0B224F9D260007AA54 /* RoomViewController.swift in Sources */ = {isa = PBXBuildFile; fileRef = 75B0BF0A224F9D260007AA54 /* RoomViewController.swift */; };
		75B0BF0E224F9D370007AA54 /* RoomViewCell.swift in Sources */ = {isa = PBXBuildFile; fileRef = 75B0BF0C224F9D370007AA54 /* RoomViewCell.swift */; };
		75B0BF0F224F9D370007AA54 /* RoomViewCell.xib in Resources */ = {isa = PBXBuildFile; fileRef = 75B0BF0D224F9D370007AA54 /* RoomViewCell.xib */; };
		75B0BF12224FAC330007AA54 /* ResultViewController.swift in Sources */ = {isa = PBXBuildFile; fileRef = 75B0BF11224FAC330007AA54 /* ResultViewController.swift */; };
		75B0BF15224FAC4D0007AA54 /* ResultViewCell.swift in Sources */ = {isa = PBXBuildFile; fileRef = 75B0BF13224FAC4D0007AA54 /* ResultViewCell.swift */; };
		75B0BF16224FAC4D0007AA54 /* ResultViewCell.xib in Resources */ = {isa = PBXBuildFile; fileRef = 75B0BF14224FAC4D0007AA54 /* ResultViewCell.xib */; };
		F9B350508ED981B562E96816 /* Pods_QRCodeSample.framework in Frameworks */ = {isa = PBXBuildFile; fileRef = 991E2CC1D33985C86930A382 /* Pods_QRCodeSample.framework */; };
/* End PBXBuildFile section */

/* Begin PBXFileReference section */
		3C8DDEA870A4D31BDE779F1B /* Pods-QRCodeSample.release.xcconfig */ = {isa = PBXFileReference; includeInIndex = 1; lastKnownFileType = text.xcconfig; name = "Pods-QRCodeSample.release.xcconfig"; path = "Pods/Target Support Files/Pods-QRCodeSample/Pods-QRCodeSample.release.xcconfig"; sourceTree = "<group>"; };
		3D9DBAB556F5F477F2EAE98D /* Pods-QRCodeSample.debug.xcconfig */ = {isa = PBXFileReference; includeInIndex = 1; lastKnownFileType = text.xcconfig; name = "Pods-QRCodeSample.debug.xcconfig"; path = "Pods/Target Support Files/Pods-QRCodeSample/Pods-QRCodeSample.debug.xcconfig"; sourceTree = "<group>"; };
		758B04082244CD1400EBDD8C /* QRCodeSample.app */ = {isa = PBXFileReference; explicitFileType = wrapper.application; includeInIndex = 0; path = QRCodeSample.app; sourceTree = BUILT_PRODUCTS_DIR; };
		758B040B2244CD1400EBDD8C /* AppDelegate.swift */ = {isa = PBXFileReference; lastKnownFileType = sourcecode.swift; path = AppDelegate.swift; sourceTree = "<group>"; };
		758B04102244CD1400EBDD8C /* Base */ = {isa = PBXFileReference; lastKnownFileType = file.storyboard; name = Base; path = Base.lproj/Main.storyboard; sourceTree = "<group>"; };
		758B04122244CD1600EBDD8C /* Assets.xcassets */ = {isa = PBXFileReference; lastKnownFileType = folder.assetcatalog; path = Assets.xcassets; sourceTree = "<group>"; };
		758B04152244CD1600EBDD8C /* Base */ = {isa = PBXFileReference; lastKnownFileType = file.storyboard; name = Base; path = Base.lproj/LaunchScreen.storyboard; sourceTree = "<group>"; };
		758B04172244CD1600EBDD8C /* Info.plist */ = {isa = PBXFileReference; lastKnownFileType = text.plist.xml; path = Info.plist; sourceTree = "<group>"; };
		75A3D7582256405700359A82 /* PDFViewController.swift */ = {isa = PBXFileReference; lastKnownFileType = sourcecode.swift; path = PDFViewController.swift; sourceTree = "<group>"; };
		75A3D75A2256419300359A82 /* GoogleService-Info.plist */ = {isa = PBXFileReference; fileEncoding = 4; lastKnownFileType = text.plist.xml; path = "GoogleService-Info.plist"; sourceTree = SOURCE_ROOT; };
		75A3D75E22564D8600359A82 /* Sample.pdf */ = {isa = PBXFileReference; lastKnownFileType = image.pdf; path = Sample.pdf; sourceTree = SOURCE_ROOT; };
		75ABF551225065B600FE951B /* CameraViewController.swift */ = {isa = PBXFileReference; lastKnownFileType = sourcecode.swift; path = CameraViewController.swift; sourceTree = "<group>"; };
		75AEC065224DF27000D49949 /* GroupViewController.swift */ = {isa = PBXFileReference; lastKnownFileType = sourcecode.swift; path = GroupViewController.swift; sourceTree = "<group>"; };
		75AEC067224DF29700D49949 /* GroupViewCell.swift */ = {isa = PBXFileReference; lastKnownFileType = sourcecode.swift; path = GroupViewCell.swift; sourceTree = "<group>"; };
		75AEC068224DF29700D49949 /* GroupViewCell.xib */ = {isa = PBXFileReference; lastKnownFileType = file.xib; path = GroupViewCell.xib; sourceTree = "<group>"; };
		75AEC06C224DF44C00D49949 /* VoteViewController.swift */ = {isa = PBXFileReference; lastKnownFileType = sourcecode.swift; path = VoteViewController.swift; sourceTree = "<group>"; };
		75AEC06E224DF46800D49949 /* VoteViewCell.swift */ = {isa = PBXFileReference; lastKnownFileType = sourcecode.swift; path = VoteViewCell.swift; sourceTree = "<group>"; };
		75AEC06F224DF46800D49949 /* VoteViewCell.xib */ = {isa = PBXFileReference; lastKnownFileType = file.xib; path = VoteViewCell.xib; sourceTree = "<group>"; };
		75B0BF03224F2F780007AA54 /* AdminViewController.swift */ = {isa = PBXFileReference; lastKnownFileType = sourcecode.swift; path = AdminViewController.swift; sourceTree = "<group>"; };
		75B0BF05224F2F890007AA54 /* AdminViewCell.swift */ = {isa = PBXFileReference; lastKnownFileType = sourcecode.swift; path = AdminViewCell.swift; sourceTree = "<group>"; };
		75B0BF06224F2F890007AA54 /* AdminViewCell.xib */ = {isa = PBXFileReference; lastKnownFileType = file.xib; path = AdminViewCell.xib; sourceTree = "<group>"; };
		75B0BF0A224F9D260007AA54 /* RoomViewController.swift */ = {isa = PBXFileReference; lastKnownFileType = sourcecode.swift; path = RoomViewController.swift; sourceTree = "<group>"; };
		75B0BF0C224F9D370007AA54 /* RoomViewCell.swift */ = {isa = PBXFileReference; lastKnownFileType = sourcecode.swift; path = RoomViewCell.swift; sourceTree = "<group>"; };
		75B0BF0D224F9D370007AA54 /* RoomViewCell.xib */ = {isa = PBXFileReference; lastKnownFileType = file.xib; path = RoomViewCell.xib; sourceTree = "<group>"; };
		75B0BF11224FAC330007AA54 /* ResultViewController.swift */ = {isa = PBXFileReference; lastKnownFileType = sourcecode.swift; path = ResultViewController.swift; sourceTree = "<group>"; };
		75B0BF13224FAC4D0007AA54 /* ResultViewCell.swift */ = {isa = PBXFileReference; lastKnownFileType = sourcecode.swift; path = ResultViewCell.swift; sourceTree = "<group>"; };
		75B0BF14224FAC4D0007AA54 /* ResultViewCell.xib */ = {isa = PBXFileReference; lastKnownFileType = file.xib; path = ResultViewCell.xib; sourceTree = "<group>"; };
		991E2CC1D33985C86930A382 /* Pods_QRCodeSample.framework */ = {isa = PBXFileReference; explicitFileType = wrapper.framework; includeInIndex = 0; path = Pods_QRCodeSample.framework; sourceTree = BUILT_PRODUCTS_DIR; };
/* End PBXFileReference section */

/* Begin PBXFrameworksBuildPhase section */
		758B04052244CD1400EBDD8C /* Frameworks */ = {
			isa = PBXFrameworksBuildPhase;
			buildActionMask = 2147483647;
			files = (
				F9B350508ED981B562E96816 /* Pods_QRCodeSample.framework in Frameworks */,
			);
			runOnlyForDeploymentPostprocessing = 0;
		};
/* End PBXFrameworksBuildPhase section */

/* Begin PBXGroup section */
		12136FE639B587DF67B0C388 /* Frameworks */ = {
			isa = PBXGroup;
			children = (
				991E2CC1D33985C86930A382 /* Pods_QRCodeSample.framework */,
			);
			name = Frameworks;
			sourceTree = "<group>";
		};
		758B03FF2244CD1400EBDD8C = {
			isa = PBXGroup;
			children = (
				758B040A2244CD1400EBDD8C /* QRCodeSample */,
				758B04092244CD1400EBDD8C /* Products */,
				9A049B287F03AF1771E2B24D /* Pods */,
				12136FE639B587DF67B0C388 /* Frameworks */,
			);
			sourceTree = "<group>";
		};
		758B04092244CD1400EBDD8C /* Products */ = {
			isa = PBXGroup;
			children = (
				758B04082244CD1400EBDD8C /* QRCodeSample.app */,
			);
			name = Products;
			sourceTree = "<group>";
		};
		758B040A2244CD1400EBDD8C /* QRCodeSample */ = {
			isa = PBXGroup;
			children = (
				758B040B2244CD1400EBDD8C /* AppDelegate.swift */,
				758B040F2244CD1400EBDD8C /* Main.storyboard */,
				75B0BF02224F2F500007AA54 /* AdminViewController */,
				75B0BF09224F322E0007AA54 /* RoomViewController */,
				75B0BF10224FAC1B0007AA54 /* ResultViewController */,
				75ABF5502250659700FE951B /* CameraViewController */,
				75AEC064224DF24500D49949 /* GroupViewController */,
				75AEC06B224DF42300D49949 /* VoteViewController */,
				75A3D75722563FD300359A82 /* PDFViewController */,
				758B04122244CD1600EBDD8C /* Assets.xcassets */,
				758B04142244CD1600EBDD8C /* LaunchScreen.storyboard */,
				758B04172244CD1600EBDD8C /* Info.plist */,
				75A3D75A2256419300359A82 /* GoogleService-Info.plist */,
				75A3D75E22564D8600359A82 /* Sample.pdf */,
			);
			path = QRCodeSample;
			sourceTree = "<group>";
		};
		75A3D75722563FD300359A82 /* PDFViewController */ = {
			isa = PBXGroup;
			children = (
				75A3D7582256405700359A82 /* PDFViewController.swift */,
			);
			path = PDFViewController;
			sourceTree = "<group>";
		};
		75ABF5502250659700FE951B /* CameraViewController */ = {
			isa = PBXGroup;
			children = (
				75ABF551225065B600FE951B /* CameraViewController.swift */,
			);
			path = CameraViewController;
			sourceTree = "<group>";
		};
		75AEC064224DF24500D49949 /* GroupViewController */ = {
			isa = PBXGroup;
			children = (
				75AEC065224DF27000D49949 /* GroupViewController.swift */,
				75AEC067224DF29700D49949 /* GroupViewCell.swift */,
				75AEC068224DF29700D49949 /* GroupViewCell.xib */,
			);
			path = GroupViewController;
			sourceTree = "<group>";
		};
		75AEC06B224DF42300D49949 /* VoteViewController */ = {
			isa = PBXGroup;
			children = (
				75AEC06C224DF44C00D49949 /* VoteViewController.swift */,
				75AEC06E224DF46800D49949 /* VoteViewCell.swift */,
				75AEC06F224DF46800D49949 /* VoteViewCell.xib */,
			);
			path = VoteViewController;
			sourceTree = "<group>";
		};
		75B0BF02224F2F500007AA54 /* AdminViewController */ = {
			isa = PBXGroup;
			children = (
				75B0BF03224F2F780007AA54 /* AdminViewController.swift */,
				75B0BF05224F2F890007AA54 /* AdminViewCell.swift */,
				75B0BF06224F2F890007AA54 /* AdminViewCell.xib */,
			);
			path = AdminViewController;
			sourceTree = "<group>";
		};
		75B0BF09224F322E0007AA54 /* RoomViewController */ = {
			isa = PBXGroup;
			children = (
				75B0BF0A224F9D260007AA54 /* RoomViewController.swift */,
				75B0BF0C224F9D370007AA54 /* RoomViewCell.swift */,
				75B0BF0D224F9D370007AA54 /* RoomViewCell.xib */,
			);
			path = RoomViewController;
			sourceTree = "<group>";
		};
		75B0BF10224FAC1B0007AA54 /* ResultViewController */ = {
			isa = PBXGroup;
			children = (
				75B0BF11224FAC330007AA54 /* ResultViewController.swift */,
				75B0BF13224FAC4D0007AA54 /* ResultViewCell.swift */,
				75B0BF14224FAC4D0007AA54 /* ResultViewCell.xib */,
			);
			path = ResultViewController;
			sourceTree = "<group>";
		};
		9A049B287F03AF1771E2B24D /* Pods */ = {
			isa = PBXGroup;
			children = (
				3D9DBAB556F5F477F2EAE98D /* Pods-QRCodeSample.debug.xcconfig */,
				3C8DDEA870A4D31BDE779F1B /* Pods-QRCodeSample.release.xcconfig */,
			);
			name = Pods;
			sourceTree = "<group>";
		};
/* End PBXGroup section */

/* Begin PBXNativeTarget section */
		758B04072244CD1400EBDD8C /* QRCodeSample */ = {
			isa = PBXNativeTarget;
			buildConfigurationList = 758B041A2244CD1600EBDD8C /* Build configuration list for PBXNativeTarget "QRCodeSample" */;
			buildPhases = (
				6BEFA1F927C046B8A44365A0 /* [CP] Check Pods Manifest.lock */,
				758B04042244CD1400EBDD8C /* Sources */,
				758B04052244CD1400EBDD8C /* Frameworks */,
				758B04062244CD1400EBDD8C /* Resources */,
				1B8394E01AF4853A32649487 /* [CP] Embed Pods Frameworks */,
				D9461A5B05240FF36021A1E2 /* [CP] Copy Pods Resources */,
			);
			buildRules = (
			);
			dependencies = (
			);
			name = QRCodeSample;
			productName = QRCodeSample;
			productReference = 758B04082244CD1400EBDD8C /* QRCodeSample.app */;
			productType = "com.apple.product-type.application";
		};
/* End PBXNativeTarget section */

/* Begin PBXProject section */
		758B04002244CD1400EBDD8C /* Project object */ = {
			isa = PBXProject;
			attributes = {
				LastSwiftUpdateCheck = 1010;
				LastUpgradeCheck = 1010;
				ORGANIZATIONNAME = Azuma;
				TargetAttributes = {
					758B04072244CD1400EBDD8C = {
						CreatedOnToolsVersion = 10.1;
					};
				};
			};
			buildConfigurationList = 758B04032244CD1400EBDD8C /* Build configuration list for PBXProject "QRCodeSample" */;
			compatibilityVersion = "Xcode 9.3";
			developmentRegion = en;
			hasScannedForEncodings = 0;
			knownRegions = (
				en,
				Base,
			);
			mainGroup = 758B03FF2244CD1400EBDD8C;
			productRefGroup = 758B04092244CD1400EBDD8C /* Products */;
			projectDirPath = "";
			projectRoot = "";
			targets = (
				758B04072244CD1400EBDD8C /* QRCodeSample */,
			);
		};
/* End PBXProject section */

/* Begin PBXResourcesBuildPhase section */
		758B04062244CD1400EBDD8C /* Resources */ = {
			isa = PBXResourcesBuildPhase;
			buildActionMask = 2147483647;
			files = (
				75B0BF16224FAC4D0007AA54 /* ResultViewCell.xib in Resources */,
				758B04162244CD1600EBDD8C /* LaunchScreen.storyboard in Resources */,
				75A3D75B2256419300359A82 /* GoogleService-Info.plist in Resources */,
				75B0BF0F224F9D370007AA54 /* RoomViewCell.xib in Resources */,
				758B04132244CD1600EBDD8C /* Assets.xcassets in Resources */,
				75AEC06A224DF29700D49949 /* GroupViewCell.xib in Resources */,
				75AEC071224DF46800D49949 /* VoteViewCell.xib in Resources */,
				758B04112244CD1400EBDD8C /* Main.storyboard in Resources */,
				75A3D75F22564D8700359A82 /* Sample.pdf in Resources */,
				75B0BF08224F2F890007AA54 /* AdminViewCell.xib in Resources */,
			);
			runOnlyForDeploymentPostprocessing = 0;
		};
/* End PBXResourcesBuildPhase section */

/* Begin PBXShellScriptBuildPhase section */
		1B8394E01AF4853A32649487 /* [CP] Embed Pods Frameworks */ = {
			isa = PBXShellScriptBuildPhase;
			buildActionMask = 2147483647;
			files = (
			);
			inputPaths = (
				"${SRCROOT}/Pods/Target Support Files/Pods-QRCodeSample/Pods-QRCodeSample-frameworks.sh",
				"${BUILT_PRODUCTS_DIR}/GoogleUtilities/GoogleUtilities.framework",
				"${BUILT_PRODUCTS_DIR}/leveldb-library/leveldb.framework",
				"${BUILT_PRODUCTS_DIR}/nanopb/nanopb.framework",
			);
			name = "[CP] Embed Pods Frameworks";
			outputPaths = (
				"${TARGET_BUILD_DIR}/${FRAMEWORKS_FOLDER_PATH}/GoogleUtilities.framework",
				"${TARGET_BUILD_DIR}/${FRAMEWORKS_FOLDER_PATH}/leveldb.framework",
				"${TARGET_BUILD_DIR}/${FRAMEWORKS_FOLDER_PATH}/nanopb.framework",
			);
			runOnlyForDeploymentPostprocessing = 0;
			shellPath = /bin/sh;
			shellScript = "\"${SRCROOT}/Pods/Target Support Files/Pods-QRCodeSample/Pods-QRCodeSample-frameworks.sh\"\n";
			showEnvVarsInLog = 0;
		};
		6BEFA1F927C046B8A44365A0 /* [CP] Check Pods Manifest.lock */ = {
			isa = PBXShellScriptBuildPhase;
			buildActionMask = 2147483647;
			files = (
			);
			inputPaths = (
				"${PODS_PODFILE_DIR_PATH}/Podfile.lock",
				"${PODS_ROOT}/Manifest.lock",
			);
			name = "[CP] Check Pods Manifest.lock";
			outputPaths = (
				"$(DERIVED_FILE_DIR)/Pods-QRCodeSample-checkManifestLockResult.txt",
			);
			runOnlyForDeploymentPostprocessing = 0;
			shellPath = /bin/sh;
			shellScript = "diff \"${PODS_PODFILE_DIR_PATH}/Podfile.lock\" \"${PODS_ROOT}/Manifest.lock\" > /dev/null\nif [ $? != 0 ] ; then\n    # print error to STDERR\n    echo \"error: The sandbox is not in sync with the Podfile.lock. Run 'pod install' or update your CocoaPods installation.\" >&2\n    exit 1\nfi\n# This output is used by Xcode 'outputs' to avoid re-running this script phase.\necho \"SUCCESS\" > \"${SCRIPT_OUTPUT_FILE_0}\"\n";
			showEnvVarsInLog = 0;
		};
		D9461A5B05240FF36021A1E2 /* [CP] Copy Pods Resources */ = {
			isa = PBXShellScriptBuildPhase;
			buildActionMask = 2147483647;
			files = (
			);
			inputPaths = (
			);
			name = "[CP] Copy Pods Resources";
			outputPaths = (
			);
			runOnlyForDeploymentPostprocessing = 0;
			shellPath = /bin/sh;
			shellScript = "\"${SRCROOT}/Pods/Target Support Files/Pods-QRCodeSample/Pods-QRCodeSample-resources.sh\"\n";
			showEnvVarsInLog = 0;
		};
/* End PBXShellScriptBuildPhase section */

/* Begin PBXSourcesBuildPhase section */
		758B04042244CD1400EBDD8C /* Sources */ = {
			isa = PBXSourcesBuildPhase;
			buildActionMask = 2147483647;
			files = (
				75B0BF04224F2F780007AA54 /* AdminViewController.swift in Sources */,
				75AEC070224DF46800D49949 /* VoteViewCell.swift in Sources */,
				75B0BF0E224F9D370007AA54 /* RoomViewCell.swift in Sources */,
				75A3D7592256405700359A82 /* PDFViewController.swift in Sources */,
				75AEC06D224DF44C00D49949 /* VoteViewController.swift in Sources */,
				75AEC066224DF27000D49949 /* GroupViewController.swift in Sources */,
				75ABF552225065B600FE951B /* CameraViewController.swift in Sources */,
				75B0BF12224FAC330007AA54 /* ResultViewController.swift in Sources */,
				75B0BF07224F2F890007AA54 /* AdminViewCell.swift in Sources */,
				758B040C2244CD1400EBDD8C /* AppDelegate.swift in Sources */,
				75AEC069224DF29700D49949 /* GroupViewCell.swift in Sources */,
				75B0BF0B224F9D260007AA54 /* RoomViewController.swift in Sources */,
				75B0BF15224FAC4D0007AA54 /* ResultViewCell.swift in Sources */,
			);
			runOnlyForDeploymentPostprocessing = 0;
		};
/* End PBXSourcesBuildPhase section */

/* Begin PBXVariantGroup section */
		758B040F2244CD1400EBDD8C /* Main.storyboard */ = {
			isa = PBXVariantGroup;
			children = (
				758B04102244CD1400EBDD8C /* Base */,
			);
			name = Main.storyboard;
			sourceTree = "<group>";
		};
		758B04142244CD1600EBDD8C /* LaunchScreen.storyboard */ = {
			isa = PBXVariantGroup;
			children = (
				758B04152244CD1600EBDD8C /* Base */,
			);
			name = LaunchScreen.storyboard;
			sourceTree = "<group>";
		};
/* End PBXVariantGroup section */

/* Begin XCBuildConfiguration section */
		758B04182244CD1600EBDD8C /* Debug */ = {
			isa = XCBuildConfiguration;
			buildSettings = {
				ALWAYS_SEARCH_USER_PATHS = NO;
				CLANG_ANALYZER_NONNULL = YES;
				CLANG_ANALYZER_NUMBER_OBJECT_CONVERSION = YES_AGGRESSIVE;
				CLANG_CXX_LANGUAGE_STANDARD = "gnu++14";
				CLANG_CXX_LIBRARY = "libc++";
				CLANG_ENABLE_MODULES = YES;
				CLANG_ENABLE_OBJC_ARC = YES;
				CLANG_ENABLE_OBJC_WEAK = YES;
				CLANG_WARN_BLOCK_CAPTURE_AUTORELEASING = YES;
				CLANG_WARN_BOOL_CONVERSION = YES;
				CLANG_WARN_COMMA = YES;
				CLANG_WARN_CONSTANT_CONVERSION = YES;
				CLANG_WARN_DEPRECATED_OBJC_IMPLEMENTATIONS = YES;
				CLANG_WARN_DIRECT_OBJC_ISA_USAGE = YES_ERROR;
				CLANG_WARN_DOCUMENTATION_COMMENTS = YES;
				CLANG_WARN_EMPTY_BODY = YES;
				CLANG_WARN_ENUM_CONVERSION = YES;
				CLANG_WARN_INFINITE_RECURSION = YES;
				CLANG_WARN_INT_CONVERSION = YES;
				CLANG_WARN_NON_LITERAL_NULL_CONVERSION = YES;
				CLANG_WARN_OBJC_IMPLICIT_RETAIN_SELF = YES;
				CLANG_WARN_OBJC_LITERAL_CONVERSION = YES;
				CLANG_WARN_OBJC_ROOT_CLASS = YES_ERROR;
				CLANG_WARN_RANGE_LOOP_ANALYSIS = YES;
				CLANG_WARN_STRICT_PROTOTYPES = YES;
				CLANG_WARN_SUSPICIOUS_MOVE = YES;
				CLANG_WARN_UNGUARDED_AVAILABILITY = YES_AGGRESSIVE;
				CLANG_WARN_UNREACHABLE_CODE = YES;
				CLANG_WARN__DUPLICATE_METHOD_MATCH = YES;
				CODE_SIGN_IDENTITY = "iPhone Developer";
				COPY_PHASE_STRIP = NO;
				DEBUG_INFORMATION_FORMAT = dwarf;
				ENABLE_STRICT_OBJC_MSGSEND = YES;
				ENABLE_TESTABILITY = YES;
				GCC_C_LANGUAGE_STANDARD = gnu11;
				GCC_DYNAMIC_NO_PIC = NO;
				GCC_NO_COMMON_BLOCKS = YES;
				GCC_OPTIMIZATION_LEVEL = 0;
				GCC_PREPROCESSOR_DEFINITIONS = (
					"DEBUG=1",
					"$(inherited)",
				);
				GCC_WARN_64_TO_32_BIT_CONVERSION = YES;
				GCC_WARN_ABOUT_RETURN_TYPE = YES_ERROR;
				GCC_WARN_UNDECLARED_SELECTOR = YES;
				GCC_WARN_UNINITIALIZED_AUTOS = YES_AGGRESSIVE;
				GCC_WARN_UNUSED_FUNCTION = YES;
				GCC_WARN_UNUSED_VARIABLE = YES;
				IPHONEOS_DEPLOYMENT_TARGET = 12.1;
				MTL_ENABLE_DEBUG_INFO = INCLUDE_SOURCE;
				MTL_FAST_MATH = YES;
				ONLY_ACTIVE_ARCH = YES;
				SDKROOT = iphoneos;
				SWIFT_ACTIVE_COMPILATION_CONDITIONS = DEBUG;
				SWIFT_OPTIMIZATION_LEVEL = "-Onone";
			};
			name = Debug;
		};
		758B04192244CD1600EBDD8C /* Release */ = {
			isa = XCBuildConfiguration;
			buildSettings = {
				ALWAYS_SEARCH_USER_PATHS = NO;
				CLANG_ANALYZER_NONNULL = YES;
				CLANG_ANALYZER_NUMBER_OBJECT_CONVERSION = YES_AGGRESSIVE;
				CLANG_CXX_LANGUAGE_STANDARD = "gnu++14";
				CLANG_CXX_LIBRARY = "libc++";
				CLANG_ENABLE_MODULES = YES;
				CLANG_ENABLE_OBJC_ARC = YES;
				CLANG_ENABLE_OBJC_WEAK = YES;
				CLANG_WARN_BLOCK_CAPTURE_AUTORELEASING = YES;
				CLANG_WARN_BOOL_CONVERSION = YES;
				CLANG_WARN_COMMA = YES;
				CLANG_WARN_CONSTANT_CONVERSION = YES;
				CLANG_WARN_DEPRECATED_OBJC_IMPLEMENTATIONS = YES;
				CLANG_WARN_DIRECT_OBJC_ISA_USAGE = YES_ERROR;
				CLANG_WARN_DOCUMENTATION_COMMENTS = YES;
				CLANG_WARN_EMPTY_BODY = YES;
				CLANG_WARN_ENUM_CONVERSION = YES;
				CLANG_WARN_INFINITE_RECURSION = YES;
				CLANG_WARN_INT_CONVERSION = YES;
				CLANG_WARN_NON_LITERAL_NULL_CONVERSION = YES;
				CLANG_WARN_OBJC_IMPLICIT_RETAIN_SELF = YES;
				CLANG_WARN_OBJC_LITERAL_CONVERSION = YES;
				CLANG_WARN_OBJC_ROOT_CLASS = YES_ERROR;
				CLANG_WARN_RANGE_LOOP_ANALYSIS = YES;
				CLANG_WARN_STRICT_PROTOTYPES = YES;
				CLANG_WARN_SUSPICIOUS_MOVE = YES;
				CLANG_WARN_UNGUARDED_AVAILABILITY = YES_AGGRESSIVE;
				CLANG_WARN_UNREACHABLE_CODE = YES;
				CLANG_WARN__DUPLICATE_METHOD_MATCH = YES;
				CODE_SIGN_IDENTITY = "iPhone Developer";
				COPY_PHASE_STRIP = NO;
				DEBUG_INFORMATION_FORMAT = "dwarf-with-dsym";
				ENABLE_NS_ASSERTIONS = NO;
				ENABLE_STRICT_OBJC_MSGSEND = YES;
				GCC_C_LANGUAGE_STANDARD = gnu11;
				GCC_NO_COMMON_BLOCKS = YES;
				GCC_WARN_64_TO_32_BIT_CONVERSION = YES;
				GCC_WARN_ABOUT_RETURN_TYPE = YES_ERROR;
				GCC_WARN_UNDECLARED_SELECTOR = YES;
				GCC_WARN_UNINITIALIZED_AUTOS = YES_AGGRESSIVE;
				GCC_WARN_UNUSED_FUNCTION = YES;
				GCC_WARN_UNUSED_VARIABLE = YES;
				IPHONEOS_DEPLOYMENT_TARGET = 12.1;
				MTL_ENABLE_DEBUG_INFO = NO;
				MTL_FAST_MATH = YES;
				SDKROOT = iphoneos;
				SWIFT_COMPILATION_MODE = wholemodule;
				SWIFT_OPTIMIZATION_LEVEL = "-O";
				VALIDATE_PRODUCT = YES;
			};
			name = Release;
		};
		758B041B2244CD1600EBDD8C /* Debug */ = {
			isa = XCBuildConfiguration;
			baseConfigurationReference = 3D9DBAB556F5F477F2EAE98D /* Pods-QRCodeSample.debug.xcconfig */;
			buildSettings = {
				ASSETCATALOG_COMPILER_APPICON_NAME = AppIcon;
				CODE_SIGN_STYLE = Automatic;
				DEVELOPMENT_TEAM = CWW3CV2X72;
				INFOPLIST_FILE = QRCodeSample/Info.plist;
				IPHONEOS_DEPLOYMENT_TARGET = 11.0;
				LD_RUNPATH_SEARCH_PATHS = (
					"$(inherited)",
					"@executable_path/Frameworks",
				);
				PRODUCT_BUNDLE_IDENTIFIER = ind.Azuma.QRCodeSample;
				PRODUCT_NAME = "$(TARGET_NAME)";
				SWIFT_VERSION = 4.2;
				TARGETED_DEVICE_FAMILY = "1,2";
			};
			name = Debug;
		};
		758B041C2244CD1600EBDD8C /* Release */ = {
			isa = XCBuildConfiguration;
			baseConfigurationReference = 3C8DDEA870A4D31BDE779F1B /* Pods-QRCodeSample.release.xcconfig */;
			buildSettings = {
				ASSETCATALOG_COMPILER_APPICON_NAME = AppIcon;
				CODE_SIGN_STYLE = Automatic;
				DEVELOPMENT_TEAM = CWW3CV2X72;
				INFOPLIST_FILE = QRCodeSample/Info.plist;
				IPHONEOS_DEPLOYMENT_TARGET = 11.0;
				LD_RUNPATH_SEARCH_PATHS = (
					"$(inherited)",
					"@executable_path/Frameworks",
				);
				PRODUCT_BUNDLE_IDENTIFIER = ind.Azuma.QRCodeSample;
				PRODUCT_NAME = "$(TARGET_NAME)";
				SWIFT_VERSION = 4.2;
				TARGETED_DEVICE_FAMILY = "1,2";
			};
			name = Release;
		};
/* End XCBuildConfiguration section */

/* Begin XCConfigurationList section */
		758B04032244CD1400EBDD8C /* Build configuration list for PBXProject "QRCodeSample" */ = {
			isa = XCConfigurationList;
			buildConfigurations = (
				758B04182244CD1600EBDD8C /* Debug */,
				758B04192244CD1600EBDD8C /* Release */,
			);
			defaultConfigurationIsVisible = 0;
			defaultConfigurationName = Release;
		};
		758B041A2244CD1600EBDD8C /* Build configuration list for PBXNativeTarget "QRCodeSample" */ = {
			isa = XCConfigurationList;
			buildConfigurations = (
				758B041B2244CD1600EBDD8C /* Debug */,
				758B041C2244CD1600EBDD8C /* Release */,
			);
			defaultConfigurationIsVisible = 0;
			defaultConfigurationName = Release;
		};
/* End XCConfigurationList section */
	};
	rootObject = 758B04002244CD1400EBDD8C /* Project object */;
}
